{
  "name": "devil7softwares.in",
  "version": "0.0.1",
  "lockfileVersion": 1,
  "requires": true,
  "dependencies": {
    "preact": {
      "version": "10.5.5",
      "resolved": "https://registry.npmjs.org/preact/-/preact-10.5.5.tgz",
      "integrity": "sha512-5ONLNH1SXMzzbQoExZX4TELemNt+TEDb622xXFNfZngjjM9qtrzseJt+EfiUu4TZ6EJ95X5sE1ES4yqHFSIdhg=="
    },
    "typescript": {
      "version": "4.0.3",
      "resolved": "https://registry.npmjs.org/typescript/-/typescript-4.0.3.tgz",
      "integrity": "sha512-tEu6DGxGgRJPb/mVPIZ48e69xCn2yRmCgYmDugAVwmJ6o+0u1RI18eO7E7WBTLYLaEVVOhwQmcdhQHweux/WPg==",
      "dev": true
    }
  }
}
